
Microsoft Visual Studio Solution File, Format Version 11.00
# Visual Studio 2010
Project("{E097FAD1-6243-4DAD-9C02-E9B9EFC3FFC1}") = "Assembly-CSharp", "Assembly-CSharp.csproj", "{F1E833D7-1671-E449-4860-A3B701FE6E1F}"
EndProject
Project("{E097FAD1-6243-4DAD-9C02-E9B9EFC3FFC1}") = "Assembly-CSharp-firstpass", "Assembly-CSharp-firstpass.csproj", "{5A9DA4A3-BFD4-6EC8-E905-B62B375C5856}"
EndProject
Project("{E097FAD1-6243-4DAD-9C02-E9B9EFC3FFC1}") = "Assembly-CSharp-Editor-firstpass", "Assembly-CSharp-Editor-firstpass.csproj", "{C50DD7E9-E5DA-755B-2D02-3B070EBB304F}"
EndProject
Global
	GlobalSection(SolutionConfigurationPlatforms) = preSolution
		Debug|Any CPU = Debug|Any CPU
		Release|Any CPU = Release|Any CPU
	EndGlobalSection
	GlobalSection(ProjectConfigurationPlatforms) = postSolution
		{F1E833D7-1671-E449-4860-A3B701FE6E1F}.Debug|Any CPU.ActiveCfg = Debug|Any CPU
		{F1E833D7-1671-E449-4860-A3B701FE6E1F}.Debug|Any CPU.Build.0 = Debug|Any CPU
		{F1E833D7-1671-E449-4860-A3B701FE6E1F}.Release|Any CPU.ActiveCfg = Release|Any CPU
		{F1E833D7-1671-E449-4860-A3B701FE6E1F}.Release|Any CPU.Build.0 = Release|Any CPU
		{5A9DA4A3-BFD4-6EC8-E905-B62B375C5856}.Debug|Any CPU.ActiveCfg = Debug|Any CPU
		{5A9DA4A3-BFD4-6EC8-E905-B62B375C5856}.Debug|Any CPU.Build.0 = Debug|Any CPU
		{5A9DA4A3-BFD4-6EC8-E905-B62B375C5856}.Release|Any CPU.ActiveCfg = Release|Any CPU
		{5A9DA4A3-BFD4-6EC8-E905-B62B375C5856}.Release|Any CPU.Build.0 = Release|Any CPU
		{C50DD7E9-E5DA-755B-2D02-3B070EBB304F}.Debug|Any CPU.ActiveCfg = Debug|Any CPU
		{C50DD7E9-E5DA-755B-2D02-3B070EBB304F}.Debug|Any CPU.Build.0 = Debug|Any CPU
		{C50DD7E9-E5DA-755B-2D02-3B070EBB304F}.Release|Any CPU.ActiveCfg = Release|Any CPU
		{C50DD7E9-E5DA-755B-2D02-3B070EBB304F}.Release|Any CPU.Build.0 = Release|Any CPU
	EndGlobalSection
	GlobalSection(SolutionProperties) = preSolution
		HideSolutionNode = FALSE
	EndGlobalSection
	GlobalSection(MonoDevelopProperties) = preSolution
		StartupItem = Assembly-CSharp.csproj
	EndGlobalSection
EndGlobal
